
Microsoft Visual Studio Solution File, Format Version 12.00
# Visual Studio Version 16
VisualStudioVersion = 16.0.31410.357
MinimumVisualStudioVersion = 10.0.40219.1
Project("{FAE04EC0-301F-11D3-BF4B-00C04F79EFBC}") = "WebApplication", "WebApplication\WebApplication.csproj", "{DAFB1240-9A7E-4CE7-8FD1-129688A31CE9}"
EndProject
Global
	GlobalSection(SolutionConfigurationPlatforms) = preSolution
		Debug|Any CPU = Debug|Any CPU
		Release|Any CPU = Release|Any CPU
	EndGlobalSection
	GlobalSection(ProjectConfigurationPlatforms) = postSolution
		{DAFB1240-9A7E-4CE7-8FD1-129688A31CE9}.Debug|Any CPU.ActiveCfg = Debug|Any CPU
		{DAFB1240-9A7E-4CE7-8FD1-129688A31CE9}.Debug|Any CPU.Build.0 = Debug|Any CPU
		{DAFB1240-9A7E-4CE7-8FD1-129688A31CE9}.Release|Any CPU.ActiveCfg = Release|Any CPU
		{DAFB1240-9A7E-4CE7-8FD1-129688A31CE9}.Release|Any CPU.Build.0 = Release|Any CPU
	EndGlobalSection
	GlobalSection(SolutionProperties) = preSolution
		HideSolutionNode = FALSE
	EndGlobalSection
	GlobalSection(ExtensibilityGlobals) = postSolution
		SolutionGuid = {7B4A2A03-660D-4ECE-845F-4A2208905C13}
	EndGlobalSection
EndGlobal
